
Microsoft Visual Studio Solution File, Format Version 12.00
# Visual Studio Version 16
VisualStudioVersion = 16.0.31129.286
MinimumVisualStudioVersion = 10.0.40219.1
Project("{FAE04EC0-301F-11D3-BF4B-00C04F79EFBC}") = "ProgramaAnagrama", "ProgramaAnagrama\ProgramaAnagrama.csproj", "{4CB67BB3-09F9-49B1-B73A-BF6751E8AA80}"
EndProject
Project("{FAE04EC0-301F-11D3-BF4B-00C04F79EFBC}") = "TestProject1", "TestProject1\TestProject1.csproj", "{3963B6D1-AE28-43AD-B8EA-6BC7F862704D}"
EndProject
Global
	GlobalSection(SolutionConfigurationPlatforms) = preSolution
		Debug|Any CPU = Debug|Any CPU
		Release|Any CPU = Release|Any CPU
	EndGlobalSection
	GlobalSection(ProjectConfigurationPlatforms) = postSolution
		{4CB67BB3-09F9-49B1-B73A-BF6751E8AA80}.Debug|Any CPU.ActiveCfg = Debug|Any CPU
		{4CB67BB3-09F9-49B1-B73A-BF6751E8AA80}.Debug|Any CPU.Build.0 = Debug|Any CPU
		{4CB67BB3-09F9-49B1-B73A-BF6751E8AA80}.Release|Any CPU.ActiveCfg = Release|Any CPU
		{4CB67BB3-09F9-49B1-B73A-BF6751E8AA80}.Release|Any CPU.Build.0 = Release|Any CPU
		{3963B6D1-AE28-43AD-B8EA-6BC7F862704D}.Debug|Any CPU.ActiveCfg = Debug|Any CPU
		{3963B6D1-AE28-43AD-B8EA-6BC7F862704D}.Debug|Any CPU.Build.0 = Debug|Any CPU
		{3963B6D1-AE28-43AD-B8EA-6BC7F862704D}.Release|Any CPU.ActiveCfg = Release|Any CPU
		{3963B6D1-AE28-43AD-B8EA-6BC7F862704D}.Release|Any CPU.Build.0 = Release|Any CPU
	EndGlobalSection
	GlobalSection(SolutionProperties) = preSolution
		HideSolutionNode = FALSE
	EndGlobalSection
	GlobalSection(ExtensibilityGlobals) = postSolution
		SolutionGuid = {2831CFD9-77C5-4803-A3D3-5CF82F800F23}
	EndGlobalSection
EndGlobal
